
Microsoft Visual Studio Solution File, Format Version 12.00
# Visual Studio Version 16
VisualStudioVersion = 16.0.30907.101
MinimumVisualStudioVersion = 10.0.40219.1
Project("{FAE04EC0-301F-11D3-BF4B-00C04F79EFBC}") = "OneFile_AMRCheck", "OneFile_AMRCheck.csproj", "{1E95D9BE-FEF3-4EFF-A3D8-A7B93BFF2480}"
EndProject
Global
	GlobalSection(SolutionConfigurationPlatforms) = preSolution
		Debug|Any CPU = Debug|Any CPU
		Release|Any CPU = Release|Any CPU
	EndGlobalSection
	GlobalSection(ProjectConfigurationPlatforms) = postSolution
		{1E95D9BE-FEF3-4EFF-A3D8-A7B93BFF2480}.Debug|Any CPU.ActiveCfg = Debug|Any CPU
		{1E95D9BE-FEF3-4EFF-A3D8-A7B93BFF2480}.Debug|Any CPU.Build.0 = Debug|Any CPU
		{1E95D9BE-FEF3-4EFF-A3D8-A7B93BFF2480}.Release|Any CPU.ActiveCfg = Release|Any CPU
		{1E95D9BE-FEF3-4EFF-A3D8-A7B93BFF2480}.Release|Any CPU.Build.0 = Release|Any CPU
	EndGlobalSection
	GlobalSection(SolutionProperties) = preSolution
		HideSolutionNode = FALSE
	EndGlobalSection
	GlobalSection(ExtensibilityGlobals) = postSolution
		SolutionGuid = {51FD83F6-4D88-4C49-BC18-23A4E820E570}
	EndGlobalSection
EndGlobal
